Microsoft Visual Studio Solution File, Format Version 12.00
# Visual Studio 2012
Project("{FAE04EC0-301F-11D3-BF4B-00C04F79EFBC}") = "GodAmp", "GodAmp.csproj", "{35D5F74F-43A2-4459-8CD8-A931F8ABBF2A}"
EndProject
Global
	GlobalSection(SolutionConfigurationPlatforms) = preSolution
	Debug|Any CPU = Debug|Any CPU
	ExportDebug|Any CPU = ExportDebug|Any CPU
	ExportRelease|Any CPU = ExportRelease|Any CPU
	EndGlobalSection
	GlobalSection(ProjectConfigurationPlatforms) = postSolution
		{35D5F74F-43A2-4459-8CD8-A931F8ABBF2A}.Debug|Any CPU.ActiveCfg = Debug|Any CPU
		{35D5F74F-43A2-4459-8CD8-A931F8ABBF2A}.Debug|Any CPU.Build.0 = Debug|Any CPU
		{35D5F74F-43A2-4459-8CD8-A931F8ABBF2A}.ExportDebug|Any CPU.ActiveCfg = ExportDebug|Any CPU
		{35D5F74F-43A2-4459-8CD8-A931F8ABBF2A}.ExportDebug|Any CPU.Build.0 = ExportDebug|Any CPU
		{35D5F74F-43A2-4459-8CD8-A931F8ABBF2A}.ExportRelease|Any CPU.ActiveCfg = ExportRelease|Any CPU
		{35D5F74F-43A2-4459-8CD8-A931F8ABBF2A}.ExportRelease|Any CPU.Build.0 = ExportRelease|Any CPU
	EndGlobalSection
EndGlobal
