Microsoft Visual Studio Solution File, Format Version 12.00
# Visual Studio 2012
Project("{FAE04EC0-301F-11D3-BF4B-00C04F79EFBC}") = "SpectralFX", "SpectralFX.csproj", "{B5D22B41-2230-4AE3-8211-1ADF9B60D43F}"
EndProject
Global
	GlobalSection(SolutionConfigurationPlatforms) = preSolution
	Debug|Any CPU = Debug|Any CPU
	ExportDebug|Any CPU = ExportDebug|Any CPU
	ExportRelease|Any CPU = ExportRelease|Any CPU
	EndGlobalSection
	GlobalSection(ProjectConfigurationPlatforms) = postSolution
		{B5D22B41-2230-4AE3-8211-1ADF9B60D43F}.Debug|Any CPU.ActiveCfg = Debug|Any CPU
		{B5D22B41-2230-4AE3-8211-1ADF9B60D43F}.Debug|Any CPU.Build.0 = Debug|Any CPU
		{B5D22B41-2230-4AE3-8211-1ADF9B60D43F}.ExportDebug|Any CPU.ActiveCfg = ExportDebug|Any CPU
		{B5D22B41-2230-4AE3-8211-1ADF9B60D43F}.ExportDebug|Any CPU.Build.0 = ExportDebug|Any CPU
		{B5D22B41-2230-4AE3-8211-1ADF9B60D43F}.ExportRelease|Any CPU.ActiveCfg = ExportRelease|Any CPU
		{B5D22B41-2230-4AE3-8211-1ADF9B60D43F}.ExportRelease|Any CPU.Build.0 = ExportRelease|Any CPU
	EndGlobalSection
EndGlobal
